// !$*UTF8*$!
{
	archiveVersion = 1;
	classes = {
	};
	objectVersion = 50;
	objects = {

/* Begin PBXBuildFile section */
		00E22CD721A1FB8B00C335D5 /* AppDelegate.swift in Sources */ = {isa = PBXBuildFile; fileRef = 00E22CD621A1FB8B00C335D5 /* AppDelegate.swift */; };
		00E22CD921A1FB8B00C335D5 /* ViewController.swift in Sources */ = {isa = PBXBuildFile; fileRef = 00E22CD821A1FB8B00C335D5 /* ViewController.swift */; };
		00E22CDC21A1FB8B00C335D5 /* Main.storyboard in Resources */ = {isa = PBXBuildFile; fileRef = 00E22CDA21A1FB8B00C335D5 /* Main.storyboard */; };
		00E22CDE21A1FB8D00C335D5 /* Assets.xcassets in Resources */ = {isa = PBXBuildFile; fileRef = 00E22CDD21A1FB8D00C335D5 /* Assets.xcassets */; };
		00E22CE121A1FB8D00C335D5 /* LaunchScreen.storyboard in Resources */ = {isa = PBXBuildFile; fileRef = 00E22CDF21A1FB8D00C335D5 /* LaunchScreen.storyboard */; };
		00E22CEC21A1FB8E00C335D5 /* greenseer_tutTests.swift in Sources */ = {isa = PBXBuildFile; fileRef = 00E22CEB21A1FB8E00C335D5 /* greenseer_tutTests.swift */; };
		00E22CF721A1FB8E00C335D5 /* greenseer_tutUITests.swift in Sources */ = {isa = PBXBuildFile; fileRef = 00E22CF621A1FB8E00C335D5 /* greenseer_tutUITests.swift */; };
/* End PBXBuildFile section */

/* Begin PBXContainerItemProxy section */
		00E22CE821A1FB8E00C335D5 /* PBXContainerItemProxy */ = {
			isa = PBXContainerItemProxy;
			containerPortal = 00E22CCB21A1FB8B00C335D5 /* Project object */;
			proxyType = 1;
			remoteGlobalIDString = 00E22CD221A1FB8B00C335D5;
			remoteInfo = "greenseer-tut";
		};
		00E22CF321A1FB8E00C335D5 /* PBXContainerItemProxy */ = {
			isa = PBXContainerItemProxy;
			containerPortal = 00E22CCB21A1FB8B00C335D5 /* Project object */;
			proxyType = 1;
			remoteGlobalIDString = 00E22CD221A1FB8B00C335D5;
			remoteInfo = "greenseer-tut";
		};
/* End PBXContainerItemProxy section */

/* Begin PBXFileReference section */
		00E22CD321A1FB8B00C335D5 /* greenseer-tut.app */ = {isa = PBXFileReference; explicitFileType = wrapper.application; includeInIndex = 0; path = "greenseer-tut.app"; sourceTree = BUILT_PRODUCTS_DIR; };
		00E22CD621A1FB8B00C335D5 /* AppDelegate.swift */ = {isa = PBXFileReference; lastKnownFileType = sourcecode.swift; path = AppDelegate.swift; sourceTree = "<group>"; };
		00E22CD821A1FB8B00C335D5 /* ViewController.swift */ = {isa = PBXFileReference; lastKnownFileType = sourcecode.swift; path = ViewController.swift; sourceTree = "<group>"; };
		00E22CDB21A1FB8B00C335D5 /* Base */ = {isa = PBXFileReference; lastKnownFileType = file.storyboard; name = Base; path = Base.lproj/Main.storyboard; sourceTree = "<group>"; };
		00E22CDD21A1FB8D00C335D5 /* Assets.xcassets */ = {isa = PBXFileReference; lastKnownFileType = folder.assetcatalog; path = Assets.xcassets; sourceTree = "<group>"; };
		00E22CE021A1FB8D00C335D5 /* Base */ = {isa = PBXFileReference; lastKnownFileType = file.storyboard; name = Base; path = Base.lproj/LaunchScreen.storyboard; sourceTree = "<group>"; };
		00E22CE221A1FB8D00C335D5 /* Info.plist */ = {isa = PBXFileReference; lastKnownFileType = text.plist.xml; path = Info.plist; sourceTree = "<group>"; };
		00E22CE721A1FB8E00C335D5 /* greenseer-tutTests.xctest */ = {isa = PBXFileReference; explicitFileType = wrapper.cfbundle; includeInIndex = 0; path = "greenseer-tutTests.xctest"; sourceTree = BUILT_PRODUCTS_DIR; };
		00E22CEB21A1FB8E00C335D5 /* greenseer_tutTests.swift */ = {isa = PBXFileReference; lastKnownFileType = sourcecode.swift; path = greenseer_tutTests.swift; sourceTree = "<group>"; };
		00E22CED21A1FB8E00C335D5 /* Info.plist */ = {isa = PBXFileReference; lastKnownFileType = text.plist.xml; path = Info.plist; sourceTree = "<group>"; };
		00E22CF221A1FB8E00C335D5 /* greenseer-tutUITests.xctest */ = {isa = PBXFileReference; explicitFileType = wrapper.cfbundle; includeInIndex = 0; path = "greenseer-tutUITests.xctest"; sourceTree = BUILT_PRODUCTS_DIR; };
		00E22CF621A1FB8E00C335D5 /* greenseer_tutUITests.swift */ = {isa = PBXFileReference; lastKnownFileType = sourcecode.swift; path = greenseer_tutUITests.swift; sourceTree = "<group>"; };
		00E22CF821A1FB8E00C335D5 /* Info.plist */ = {isa = PBXFileReference; lastKnownFileType = text.plist.xml; path = Info.plist; sourceTree = "<group>"; };
/* End PBXFileReference section */

/* Begin PBXFrameworksBuildPhase section */
		00E22CD021A1FB8B00C335D5 /* Frameworks */ = {
			isa = PBXFrameworksBuildPhase;
			buildActionMask = 2147483647;
			files = (
			);
			runOnlyForDeploymentPostprocessing = 0;
		};
		00E22CE421A1FB8E00C335D5 /* Frameworks */ = {
			isa = PBXFrameworksBuildPhase;
			buildActionMask = 2147483647;
			files = (
			);
			runOnlyForDeploymentPostprocessing = 0;
		};
		00E22CEF21A1FB8E00C335D5 /* Frameworks */ = {
			isa = PBXFrameworksBuildPhase;
			buildActionMask = 2147483647;
			files = (
			);
			runOnlyForDeploymentPostprocessing = 0;
		};
/* End PBXFrameworksBuildPhase section */

/* Begin PBXGroup section */
		00E22CCA21A1FB8B00C335D5 = {
			isa = PBXGroup;
			children = (
				00E22CD521A1FB8B00C335D5 /* greenseer-tut */,
				00E22CEA21A1FB8E00C335D5 /* greenseer-tutTests */,
				00E22CF521A1FB8E00C335D5 /* greenseer-tutUITests */,
				00E22CD421A1FB8B00C335D5 /* Products */,
			);
			sourceTree = "<group>";
		};
		00E22CD421A1FB8B00C335D5 /* Products */ = {
			isa = PBXGroup;
			children = (
				00E22CD321A1FB8B00C335D5 /* greenseer-tut.app */,
				00E22CE721A1FB8E00C335D5 /* greenseer-tutTests.xctest */,
				00E22CF221A1FB8E00C335D5 /* greenseer-tutUITests.xctest */,
			);
			name = Products;
			sourceTree = "<group>";
		};
		00E22CD521A1FB8B00C335D5 /* greenseer-tut */ = {
			isa = PBXGroup;
			children = (
				00E22CD621A1FB8B00C335D5 /* AppDelegate.swift */,
				00E22CD821A1FB8B00C335D5 /* ViewController.swift */,
				00E22CDA21A1FB8B00C335D5 /* Main.storyboard */,
				00E22CDD21A1FB8D00C335D5 /* Assets.xcassets */,
				00E22CDF21A1FB8D00C335D5 /* LaunchScreen.storyboard */,
				00E22CE221A1FB8D00C335D5 /* Info.plist */,
			);
			path = "greenseer-tut";
			sourceTree = "<group>";
		};
		00E22CEA21A1FB8E00C335D5 /* greenseer-tutTests */ = {
			isa = PBXGroup;
			children = (
				00E22CEB21A1FB8E00C335D5 /* greenseer_tutTests.swift */,
				00E22CED21A1FB8E00C335D5 /* Info.plist */,
			);
			path = "greenseer-tutTests";
			sourceTree = "<group>";
		};
		00E22CF521A1FB8E00C335D5 /* greenseer-tutUITests */ = {
			isa = PBXGroup;
			children = (
				00E22CF621A1FB8E00C335D5 /* greenseer_tutUITests.swift */,
				00E22CF821A1FB8E00C335D5 /* Info.plist */,
			);
			path = "greenseer-tutUITests";
			sourceTree = "<group>";
		};
/* End PBXGroup section */

/* Begin PBXNativeTarget section */
		00E22CD221A1FB8B00C335D5 /* greenseer-tut */ = {
			isa = PBXNativeTarget;
			buildConfigurationList = 00E22CFB21A1FB8E00C335D5 /* Build configuration list for PBXNativeTarget "greenseer-tut" */;
			buildPhases = (
				00E22CCF21A1FB8B00C335D5 /* Sources */,
				00E22CD021A1FB8B00C335D5 /* Frameworks */,
				00E22CD121A1FB8B00C335D5 /* Resources */,
			);
			buildRules = (
			);
			dependencies = (
			);
			name = "greenseer-tut";
			productName = "greenseer-tut";
			productReference = 00E22CD321A1FB8B00C335D5 /* greenseer-tut.app */;
			productType = "com.apple.product-type.application";
		};
		00E22CE621A1FB8E00C335D5 /* greenseer-tutTests */ = {
			isa = PBXNativeTarget;
			buildConfigurationList = 00E22CFE21A1FB8E00C335D5 /* Build configuration list for PBXNativeTarget "greenseer-tutTests" */;
			buildPhases = (
				00E22CE321A1FB8E00C335D5 /* Sources */,
				00E22CE421A1FB8E00C335D5 /* Frameworks */,
				00E22CE521A1FB8E00C335D5 /* Resources */,
			);
			buildRules = (
			);
			dependencies = (
				00E22CE921A1FB8E00C335D5 /* PBXTargetDependency */,
			);
			name = "greenseer-tutTests";
			productName = "greenseer-tutTests";
			productReference = 00E22CE721A1FB8E00C335D5 /* greenseer-tutTests.xctest */;
			productType = "com.apple.product-type.bundle.unit-test";
		};
		00E22CF121A1FB8E00C335D5 /* greenseer-tutUITests */ = {
			isa = PBXNativeTarget;
			buildConfigurationList = 00E22D0121A1FB8E00C335D5 /* Build configuration list for PBXNativeTarget "greenseer-tutUITests" */;
			buildPhases = (
				00E22CEE21A1FB8E00C335D5 /* Sources */,
				00E22CEF21A1FB8E00C335D5 /* Frameworks */,
				00E22CF021A1FB8E00C335D5 /* Resources */,
			);
			buildRules = (
			);
			dependencies = (
				00E22CF421A1FB8E00C335D5 /* PBXTargetDependency */,
			);
			name = "greenseer-tutUITests";
			productName = "greenseer-tutUITests";
			productReference = 00E22CF221A1FB8E00C335D5 /* greenseer-tutUITests.xctest */;
			productType = "com.apple.product-type.bundle.ui-testing";
		};
/* End PBXNativeTarget section */

/* Begin PBXProject section */
		00E22CCB21A1FB8B00C335D5 /* Project object */ = {
			isa = PBXProject;
			attributes = {
				LastSwiftUpdateCheck = 1010;
				LastUpgradeCheck = 1010;
				ORGANIZATIONNAME = "Madhav Jha";
				TargetAttributes = {
					00E22CD221A1FB8B00C335D5 = {
						CreatedOnToolsVersion = 10.1;
					};
					00E22CE621A1FB8E00C335D5 = {
						CreatedOnToolsVersion = 10.1;
						TestTargetID = 00E22CD221A1FB8B00C335D5;
					};
					00E22CF121A1FB8E00C335D5 = {
						CreatedOnToolsVersion = 10.1;
						TestTargetID = 00E22CD221A1FB8B00C335D5;
					};
				};
			};
			buildConfigurationList = 00E22CCE21A1FB8B00C335D5 /* Build configuration list for PBXProject "greenseer-tut" */;
			compatibilityVersion = "Xcode 9.3";
			developmentRegion = en;
			hasScannedForEncodings = 0;
			knownRegions = (
				en,
				Base,
			);
			mainGroup = 00E22CCA21A1FB8B00C335D5;
			productRefGroup = 00E22CD421A1FB8B00C335D5 /* Products */;
			projectDirPath = "";
			projectRoot = "";
			targets = (
				00E22CD221A1FB8B00C335D5 /* greenseer-tut */,
				00E22CE621A1FB8E00C335D5 /* greenseer-tutTests */,
				00E22CF121A1FB8E00C335D5 /* greenseer-tutUITests */,
			);
		};
/* End PBXProject section */

/* Begin PBXResourcesBuildPhase section */
		00E22CD121A1FB8B00C335D5 /* Resources */ = {
			isa = PBXResourcesBuildPhase;
			buildActionMask = 2147483647;
			files = (
				00E22CE121A1FB8D00C335D5 /* LaunchScreen.storyboard in Resources */,
				00E22CDE21A1FB8D00C335D5 /* Assets.xcassets in Resources */,
				00E22CDC21A1FB8B00C335D5 /* Main.storyboard in Resources */,
			);
			runOnlyForDeploymentPostprocessing = 0;
		};
		00E22CE521A1FB8E00C335D5 /* Resources */ = {
			isa = PBXResourcesBuildPhase;
			buildActionMask = 2147483647;
			files = (
			);
			runOnlyForDeploymentPostprocessing = 0;
		};
		00E22CF021A1FB8E00C335D5 /* Resources */ = {
			isa = PBXResourcesBuildPhase;
			buildActionMask = 2147483647;
			files = (
			);
			runOnlyForDeploymentPostprocessing = 0;
		};
/* End PBXResourcesBuildPhase section */

/* Begin PBXSourcesBuildPhase section */
		00E22CCF21A1FB8B00C335D5 /* Sources */ = {
			isa = PBXSourcesBuildPhase;
			buildActionMask = 2147483647;
			files = (
				00E22CD921A1FB8B00C335D5 /* ViewController.swift in Sources */,
				00E22CD721A1FB8B00C335D5 /* AppDelegate.swift in Sources */,
			);
			runOnlyForDeploymentPostprocessing = 0;
		};
		00E22CE321A1FB8E00C335D5 /* Sources */ = {
			isa = PBXSourcesBuildPhase;
			buildActionMask = 2147483647;
			files = (
				00E22CEC21A1FB8E00C335D5 /* greenseer_tutTests.swift in Sources */,
			);
			runOnlyForDeploymentPostprocessing = 0;
		};
		00E22CEE21A1FB8E00C335D5 /* Sources */ = {
			isa = PBXSourcesBuildPhase;
			buildActionMask = 2147483647;
			files = (
				00E22CF721A1FB8E00C335D5 /* greenseer_tutUITests.swift in Sources */,
			);
			runOnlyForDeploymentPostprocessing = 0;
		};
/* End PBXSourcesBuildPhase section */

/* Begin PBXTargetDependency section */
		00E22CE921A1FB8E00C335D5 /* PBXTargetDependency */ = {
			isa = PBXTargetDependency;
			target = 00E22CD221A1FB8B00C335D5 /* greenseer-tut */;
			targetProxy = 00E22CE821A1FB8E00C335D5 /* PBXContainerItemProxy */;
		};
		00E22CF421A1FB8E00C335D5 /* PBXTargetDependency */ = {
			isa = PBXTargetDependency;
			target = 00E22CD221A1FB8B00C335D5 /* greenseer-tut */;
			targetProxy = 00E22CF321A1FB8E00C335D5 /* PBXContainerItemProxy */;
		};
/* End PBXTargetDependency section */

/* Begin PBXVariantGroup section */
		00E22CDA21A1FB8B00C335D5 /* Main.storyboard */ = {
			isa = PBXVariantGroup;
			children = (
				00E22CDB21A1FB8B00C335D5 /* Base */,
			);
			name = Main.storyboard;
			sourceTree = "<group>";
		};
		00E22CDF21A1FB8D00C335D5 /* LaunchScreen.storyboard */ = {
			isa = PBXVariantGroup;
			children = (
				00E22CE021A1FB8D00C335D5 /* Base */,
			);
			name = LaunchScreen.storyboard;
			sourceTree = "<group>";
		};
/* End PBXVariantGroup section */

/* Begin XCBuildConfiguration section */
		00E22CF921A1FB8E00C335D5 /* Debug */ = {
			isa = XCBuildConfiguration;
			buildSettings = {
				ALWAYS_SEARCH_USER_PATHS = NO;
				CLANG_ANALYZER_NONNULL = YES;
				CLANG_ANALYZER_NUMBER_OBJECT_CONVERSION = YES_AGGRESSIVE;
				CLANG_CXX_LANGUAGE_STANDARD = "gnu++14";
				CLANG_CXX_LIBRARY = "libc++";
				CLANG_ENABLE_MODULES = YES;
				CLANG_ENABLE_OBJC_ARC = YES;
				CLANG_ENABLE_OBJC_WEAK = YES;
				CLANG_WARN_BLOCK_CAPTURE_AUTORELEASING = YES;
				CLANG_WARN_BOOL_CONVERSION = YES;
				CLANG_WARN_COMMA = YES;
				CLANG_WARN_CONSTANT_CONVERSION = YES;
				CLANG_WARN_DEPRECATED_OBJC_IMPLEMENTATIONS = YES;
				CLANG_WARN_DIRECT_OBJC_ISA_USAGE = YES_ERROR;
				CLANG_WARN_DOCUMENTATION_COMMENTS = YES;
				CLANG_WARN_EMPTY_BODY = YES;
				CLANG_WARN_ENUM_CONVERSION = YES;
				CLANG_WARN_INFINITE_RECURSION = YES;
				CLANG_WARN_INT_CONVERSION = YES;
				CLANG_WARN_NON_LITERAL_NULL_CONVERSION = YES;
				CLANG_WARN_OBJC_IMPLICIT_RETAIN_SELF = YES;
				CLANG_WARN_OBJC_LITERAL_CONVERSION = YES;
				CLANG_WARN_OBJC_ROOT_CLASS = YES_ERROR;
				CLANG_WARN_RANGE_LOOP_ANALYSIS = YES;
				CLANG_WARN_STRICT_PROTOTYPES = YES;
				CLANG_WARN_SUSPICIOUS_MOVE = YES;
				CLANG_WARN_UNGUARDED_AVAILABILITY = YES_AGGRESSIVE;
				CLANG_WARN_UNREACHABLE_CODE = YES;
				CLANG_WARN__DUPLICATE_METHOD_MATCH = YES;
				CODE_SIGN_IDENTITY = "iPhone Developer";
				COPY_PHASE_STRIP = NO;
				DEBUG_INFORMATION_FORMAT = dwarf;
				ENABLE_STRICT_OBJC_MSGSEND = YES;
				ENABLE_TESTABILITY = YES;
				GCC_C_LANGUAGE_STANDARD = gnu11;
				GCC_DYNAMIC_NO_PIC = NO;
				GCC_NO_COMMON_BLOCKS = YES;
				GCC_OPTIMIZATION_LEVEL = 0;
				GCC_PREPROCESSOR_DEFINITIONS = (
					"DEBUG=1",
					"$(inherited)",
				);
				GCC_WARN_64_TO_32_BIT_CONVERSION = YES;
				GCC_WARN_ABOUT_RETURN_TYPE = YES_ERROR;
				GCC_WARN_UNDECLARED_SELECTOR = YES;
				GCC_WARN_UNINITIALIZED_AUTOS = YES_AGGRESSIVE;
				GCC_WARN_UNUSED_FUNCTION = YES;
				GCC_WARN_UNUSED_VARIABLE = YES;
				IPHONEOS_DEPLOYMENT_TARGET = 12.1;
				MTL_ENABLE_DEBUG_INFO = INCLUDE_SOURCE;
				MTL_FAST_MATH = YES;
				ONLY_ACTIVE_ARCH = YES;
				SDKROOT = iphoneos;
				SWIFT_ACTIVE_COMPILATION_CONDITIONS = DEBUG;
				SWIFT_OPTIMIZATION_LEVEL = "-Onone";
			};
			name = Debug;
		};
		00E22CFA21A1FB8E00C335D5 /* Release */ = {
			isa = XCBuildConfiguration;
			buildSettings = {
				ALWAYS_SEARCH_USER_PATHS = NO;
				CLANG_ANALYZER_NONNULL = YES;
				CLANG_ANALYZER_NUMBER_OBJECT_CONVERSION = YES_AGGRESSIVE;
				CLANG_CXX_LANGUAGE_STANDARD = "gnu++14";
				CLANG_CXX_LIBRARY = "libc++";
				CLANG_ENABLE_MODULES = YES;
				CLANG_ENABLE_OBJC_ARC = YES;
				CLANG_ENABLE_OBJC_WEAK = YES;
				CLANG_WARN_BLOCK_CAPTURE_AUTORELEASING = YES;
				CLANG_WARN_BOOL_CONVERSION = YES;
				CLANG_WARN_COMMA = YES;
				CLANG_WARN_CONSTANT_CONVERSION = YES;
				CLANG_WARN_DEPRECATED_OBJC_IMPLEMENTATIONS = YES;
				CLANG_WARN_DIRECT_OBJC_ISA_USAGE = YES_ERROR;
				CLANG_WARN_DOCUMENTATION_COMMENTS = YES;
				CLANG_WARN_EMPTY_BODY = YES;
				CLANG_WARN_ENUM_CONVERSION = YES;
				CLANG_WARN_INFINITE_RECURSION = YES;
				CLANG_WARN_INT_CONVERSION = YES;
				CLANG_WARN_NON_LITERAL_NULL_CONVERSION = YES;
				CLANG_WARN_OBJC_IMPLICIT_RETAIN_SELF = YES;
				CLANG_WARN_OBJC_LITERAL_CONVERSION = YES;
				CLANG_WARN_OBJC_ROOT_CLASS = YES_ERROR;
				CLANG_WARN_RANGE_LOOP_ANALYSIS = YES;
				CLANG_WARN_STRICT_PROTOTYPES = YES;
				CLANG_WARN_SUSPICIOUS_MOVE = YES;
				CLANG_WARN_UNGUARDED_AVAILABILITY = YES_AGGRESSIVE;
				CLANG_WARN_UNREACHABLE_CODE = YES;
				CLANG_WARN__DUPLICATE_METHOD_MATCH = YES;
				CODE_SIGN_IDENTITY = "iPhone Developer";
				COPY_PHASE_STRIP = NO;
				DEBUG_INFORMATION_FORMAT = "dwarf-with-dsym";
				ENABLE_NS_ASSERTIONS = NO;
				ENABLE_STRICT_OBJC_MSGSEND = YES;
				GCC_C_LANGUAGE_STANDARD = gnu11;
				GCC_NO_COMMON_BLOCKS = YES;
				GCC_WARN_64_TO_32_BIT_CONVERSION = YES;
				GCC_WARN_ABOUT_RETURN_TYPE = YES_ERROR;
				GCC_WARN_UNDECLARED_SELECTOR = YES;
				GCC_WARN_UNINITIALIZED_AUTOS = YES_AGGRESSIVE;
				GCC_WARN_UNUSED_FUNCTION = YES;
				GCC_WARN_UNUSED_VARIABLE = YES;
				IPHONEOS_DEPLOYMENT_TARGET = 12.1;
				MTL_ENABLE_DEBUG_INFO = NO;
				MTL_FAST_MATH = YES;
				SDKROOT = iphoneos;
				SWIFT_COMPILATION_MODE = wholemodule;
				SWIFT_OPTIMIZATION_LEVEL = "-O";
				VALIDATE_PRODUCT = YES;
			};
			name = Release;
		};
		00E22CFC21A1FB8E00C335D5 /* Debug */ = {
			isa = XCBuildConfiguration;
			buildSettings = {
				ASSETCATALOG_COMPILER_APPICON_NAME = AppIcon;
				CODE_SIGN_STYLE = Automatic;
				DEVELOPMENT_TEAM = 8P27HV5HR7;
				INFOPLIST_FILE = "greenseer-tut/Info.plist";
				LD_RUNPATH_SEARCH_PATHS = (
					"$(inherited)",
					"@executable_path/Frameworks",
				);
				PRODUCT_BUNDLE_IDENTIFIER = "Greenseer.greenseer-tut";
				PRODUCT_NAME = "$(TARGET_NAME)";
				SWIFT_VERSION = 4.2;
				TARGETED_DEVICE_FAMILY = "1,2";
			};
			name = Debug;
		};
		00E22CFD21A1FB8E00C335D5 /* Release */ = {
			isa = XCBuildConfiguration;
			buildSettings = {
				ASSETCATALOG_COMPILER_APPICON_NAME = AppIcon;
				CODE_SIGN_STYLE = Automatic;
				DEVELOPMENT_TEAM = 8P27HV5HR7;
				INFOPLIST_FILE = "greenseer-tut/Info.plist";
				LD_RUNPATH_SEARCH_PATHS = (
					"$(inherited)",
					"@executable_path/Frameworks",
				);
				PRODUCT_BUNDLE_IDENTIFIER = "Greenseer.greenseer-tut";
				PRODUCT_NAME = "$(TARGET_NAME)";
				SWIFT_VERSION = 4.2;
				TARGETED_DEVICE_FAMILY = "1,2";
			};
			name = Release;
		};
		00E22CFF21A1FB8E00C335D5 /* Debug */ = {
			isa = XCBuildConfiguration;
			buildSettings = {
				ALWAYS_EMBED_SWIFT_STANDARD_LIBRARIES = YES;
				BUNDLE_LOADER = "$(TEST_HOST)";
				CODE_SIGN_STYLE = Automatic;
				DEVELOPMENT_TEAM = 8P27HV5HR7;
				INFOPLIST_FILE = "greenseer-tutTests/Info.plist";
				LD_RUNPATH_SEARCH_PATHS = (
					"$(inherited)",
					"@executable_path/Frameworks",
					"@loader_path/Frameworks",
				);
				PRODUCT_BUNDLE_IDENTIFIER = "Greenseer.greenseer-tutTests";
				PRODUCT_NAME = "$(TARGET_NAME)";
				SWIFT_VERSION = 4.2;
				TARGETED_DEVICE_FAMILY = "1,2";
				TEST_HOST = "$(BUILT_PRODUCTS_DIR)/greenseer-tut.app/greenseer-tut";
			};
			name = Debug;
		};
		00E22D0021A1FB8E00C335D5 /* Release */ = {
			isa = XCBuildConfiguration;
			buildSettings = {
				ALWAYS_EMBED_SWIFT_STANDARD_LIBRARIES = YES;
				BUNDLE_LOADER = "$(TEST_HOST)";
				CODE_SIGN_STYLE = Automatic;
				DEVELOPMENT_TEAM = 8P27HV5HR7;
				INFOPLIST_FILE = "greenseer-tutTests/Info.plist";
				LD_RUNPATH_SEARCH_PATHS = (
					"$(inherited)",
					"@executable_path/Frameworks",
					"@loader_path/Frameworks",
				);
				PRODUCT_BUNDLE_IDENTIFIER = "Greenseer.greenseer-tutTests";
				PRODUCT_NAME = "$(TARGET_NAME)";
				SWIFT_VERSION = 4.2;
				TARGETED_DEVICE_FAMILY = "1,2";
				TEST_HOST = "$(BUILT_PRODUCTS_DIR)/greenseer-tut.app/greenseer-tut";
			};
			name = Release;
		};
		00E22D0221A1FB8E00C335D5 /* Debug */ = {
			isa = XCBuildConfiguration;
			buildSettings = {
				ALWAYS_EMBED_SWIFT_STANDARD_LIBRARIES = YES;
				CODE_SIGN_STYLE = Automatic;
				DEVELOPMENT_TEAM = 8P27HV5HR7;
				INFOPLIST_FILE = "greenseer-tutUITests/Info.plist";
				LD_RUNPATH_SEARCH_PATHS = (
					"$(inherited)",
					"@executable_path/Frameworks",
					"@loader_path/Frameworks",
				);
				PRODUCT_BUNDLE_IDENTIFIER = "Greenseer.greenseer-tutUITests";
				PRODUCT_NAME = "$(TARGET_NAME)";
				SWIFT_VERSION = 4.2;
				TARGETED_DEVICE_FAMILY = "1,2";
				TEST_TARGET_NAME = "greenseer-tut";
			};
			name = Debug;
		};
		00E22D0321A1FB8E00C335D5 /* Release */ = {
			isa = XCBuildConfiguration;
			buildSettings = {
				ALWAYS_EMBED_SWIFT_STANDARD_LIBRARIES = YES;
				CODE_SIGN_STYLE = Automatic;
				DEVELOPMENT_TEAM = 8P27HV5HR7;
				INFOPLIST_FILE = "greenseer-tutUITests/Info.plist";
				LD_RUNPATH_SEARCH_PATHS = (
					"$(inherited)",
					"@executable_path/Frameworks",
					"@loader_path/Frameworks",
				);
				PRODUCT_BUNDLE_IDENTIFIER = "Greenseer.greenseer-tutUITests";
				PRODUCT_NAME = "$(TARGET_NAME)";
				SWIFT_VERSION = 4.2;
				TARGETED_DEVICE_FAMILY = "1,2";
				TEST_TARGET_NAME = "greenseer-tut";
			};
			name = Release;
		};
/* End XCBuildConfiguration section */

/* Begin XCConfigurationList section */
		00E22CCE21A1FB8B00C335D5 /* Build configuration list for PBXProject "greenseer-tut" */ = {
			isa = XCConfigurationList;
			buildConfigurations = (
				00E22CF921A1FB8E00C335D5 /* Debug */,
				00E22CFA21A1FB8E00C335D5 /* Release */,
			);
			defaultConfigurationIsVisible = 0;
			defaultConfigurationName = Release;
		};
		00E22CFB21A1FB8E00C335D5 /* Build configuration list for PBXNativeTarget "greenseer-tut" */ = {
			isa = XCConfigurationList;
			buildConfigurations = (
				00E22CFC21A1FB8E00C335D5 /* Debug */,
				00E22CFD21A1FB8E00C335D5 /* Release */,
			);
			defaultConfigurationIsVisible = 0;
			defaultConfigurationName = Release;
		};
		00E22CFE21A1FB8E00C335D5 /* Build configuration list for PBXNativeTarget "greenseer-tutTests" */ = {
			isa = XCConfigurationList;
			buildConfigurations = (
				00E22CFF21A1FB8E00C335D5 /* Debug */,
				00E22D0021A1FB8E00C335D5 /* Release */,
			);
			defaultConfigurationIsVisible = 0;
			defaultConfigurationName = Release;
		};
		00E22D0121A1FB8E00C335D5 /* Build configuration list for PBXNativeTarget "greenseer-tutUITests" */ = {
			isa = XCConfigurationList;
			buildConfigurations = (
				00E22D0221A1FB8E00C335D5 /* Debug */,
				00E22D0321A1FB8E00C335D5 /* Release */,
			);
			defaultConfigurationIsVisible = 0;
			defaultConfigurationName = Release;
		};
/* End XCConfigurationList section */
	};
	rootObject = 00E22CCB21A1FB8B00C335D5 /* Project object */;
}
